
Microsoft Visual Studio Solution File, Format Version 12.00
# Visual Studio Version 17
VisualStudioVersion = 17.1.32228.430
MinimumVisualStudioVersion = 10.0.40219.1
Project("{FAE04EC0-301F-11D3-BF4B-00C04F79EFBC}") = "matematic", "matematic\matematic.csproj", "{5FA718BC-DDCF-4A19-BE20-F41854E27238}"
EndProject
Global
	GlobalSection(SolutionConfigurationPlatforms) = preSolution
		Debug|Any CPU = Debug|Any CPU
		Release|Any CPU = Release|Any CPU
	EndGlobalSection
	GlobalSection(ProjectConfigurationPlatforms) = postSolution
		{5FA718BC-DDCF-4A19-BE20-F41854E27238}.Debug|Any CPU.ActiveCfg = Debug|Any CPU
		{5FA718BC-DDCF-4A19-BE20-F41854E27238}.Debug|Any CPU.Build.0 = Debug|Any CPU
		{5FA718BC-DDCF-4A19-BE20-F41854E27238}.Release|Any CPU.ActiveCfg = Release|Any CPU
		{5FA718BC-DDCF-4A19-BE20-F41854E27238}.Release|Any CPU.Build.0 = Release|Any CPU
	EndGlobalSection
	GlobalSection(SolutionProperties) = preSolution
		HideSolutionNode = FALSE
	EndGlobalSection
	GlobalSection(ExtensibilityGlobals) = postSolution
		SolutionGuid = {F3334924-198A-4E57-944D-5652FBA2FBC5}
	EndGlobalSection
EndGlobal
